// !$*UTF8*$!
{
	archiveVersion = 1;
	classes = {
	};
	objectVersion = 50;
	objects = {

/* Begin PBXBuildFile section */
		42E01A69E90FC1088E3CC069 /* Pods_Photo_Viewer.framework in Frameworks */ = {isa = PBXBuildFile; fileRef = C0CBDA2D13123362D6D30CBB /* Pods_Photo_Viewer.framework */; };
		FCAED7AA21B5EBA40003AF32 /* Photo.swift in Sources */ = {isa = PBXBuildFile; fileRef = FCAED7A921B5EBA40003AF32 /* Photo.swift */; };
		FCAED7AD21B5EBBF0003AF32 /* PhotoBuilder.swift in Sources */ = {isa = PBXBuildFile; fileRef = FCAED7AC21B5EBBF0003AF32 /* PhotoBuilder.swift */; };
		FCAED7B221B607440003AF32 /* PhotoCollectionViewCell.swift in Sources */ = {isa = PBXBuildFile; fileRef = FCAED7B121B607440003AF32 /* PhotoCollectionViewCell.swift */; };
		FCBF315121B5B822001655B7 /* AppDelegate.swift in Sources */ = {isa = PBXBuildFile; fileRef = FCBF315021B5B822001655B7 /* AppDelegate.swift */; };
		FCBF315321B5B822001655B7 /* PhotosViewController.swift in Sources */ = {isa = PBXBuildFile; fileRef = FCBF315221B5B822001655B7 /* PhotosViewController.swift */; };
		FCBF315621B5B822001655B7 /* Main.storyboard in Resources */ = {isa = PBXBuildFile; fileRef = FCBF315421B5B822001655B7 /* Main.storyboard */; };
		FCBF315821B5B823001655B7 /* Assets.xcassets in Resources */ = {isa = PBXBuildFile; fileRef = FCBF315721B5B823001655B7 /* Assets.xcassets */; };
		FCBF315B21B5B823001655B7 /* LaunchScreen.storyboard in Resources */ = {isa = PBXBuildFile; fileRef = FCBF315921B5B823001655B7 /* LaunchScreen.storyboard */; };
		FCBF316521B5BE4F001655B7 /* UnsplashWebCallsService.swift in Sources */ = {isa = PBXBuildFile; fileRef = FCBF316421B5BE4F001655B7 /* UnsplashWebCallsService.swift */; };
		FCBF316721B5BE5C001655B7 /* Configuration.swift in Sources */ = {isa = PBXBuildFile; fileRef = FCBF316621B5BE5C001655B7 /* Configuration.swift */; };
		FCBF316921B5C892001655B7 /* UnsplashAuthHandler.swift in Sources */ = {isa = PBXBuildFile; fileRef = FCBF316821B5C892001655B7 /* UnsplashAuthHandler.swift */; };
/* End PBXBuildFile section */

/* Begin PBXFileReference section */
		6DB4F3D29E7C615F384C0370 /* Pods-Photo Viewer.release.xcconfig */ = {isa = PBXFileReference; includeInIndex = 1; lastKnownFileType = text.xcconfig; name = "Pods-Photo Viewer.release.xcconfig"; path = "Pods/Target Support Files/Pods-Photo Viewer/Pods-Photo Viewer.release.xcconfig"; sourceTree = "<group>"; };
		8C0CE4DF28220538FD428523 /* Pods-Photo Viewer.debug.xcconfig */ = {isa = PBXFileReference; includeInIndex = 1; lastKnownFileType = text.xcconfig; name = "Pods-Photo Viewer.debug.xcconfig"; path = "Pods/Target Support Files/Pods-Photo Viewer/Pods-Photo Viewer.debug.xcconfig"; sourceTree = "<group>"; };
		C0CBDA2D13123362D6D30CBB /* Pods_Photo_Viewer.framework */ = {isa = PBXFileReference; explicitFileType = wrapper.framework; includeInIndex = 0; path = Pods_Photo_Viewer.framework; sourceTree = BUILT_PRODUCTS_DIR; };
		FCAED7A921B5EBA40003AF32 /* Photo.swift */ = {isa = PBXFileReference; lastKnownFileType = sourcecode.swift; path = Photo.swift; sourceTree = "<group>"; };
		FCAED7AC21B5EBBF0003AF32 /* PhotoBuilder.swift */ = {isa = PBXFileReference; lastKnownFileType = sourcecode.swift; path = PhotoBuilder.swift; sourceTree = "<group>"; };
		FCAED7B121B607440003AF32 /* PhotoCollectionViewCell.swift */ = {isa = PBXFileReference; lastKnownFileType = sourcecode.swift; path = PhotoCollectionViewCell.swift; sourceTree = "<group>"; };
		FCBF314D21B5B822001655B7 /* Photo Viewer.app */ = {isa = PBXFileReference; explicitFileType = wrapper.application; includeInIndex = 0; path = "Photo Viewer.app"; sourceTree = BUILT_PRODUCTS_DIR; };
		FCBF315021B5B822001655B7 /* AppDelegate.swift */ = {isa = PBXFileReference; lastKnownFileType = sourcecode.swift; path = AppDelegate.swift; sourceTree = "<group>"; };
		FCBF315221B5B822001655B7 /* PhotosViewController.swift */ = {isa = PBXFileReference; lastKnownFileType = sourcecode.swift; path = PhotosViewController.swift; sourceTree = "<group>"; };
		FCBF315521B5B822001655B7 /* Base */ = {isa = PBXFileReference; lastKnownFileType = file.storyboard; name = Base; path = Base.lproj/Main.storyboard; sourceTree = "<group>"; };
		FCBF315721B5B823001655B7 /* Assets.xcassets */ = {isa = PBXFileReference; lastKnownFileType = folder.assetcatalog; path = Assets.xcassets; sourceTree = "<group>"; };
		FCBF315A21B5B823001655B7 /* Base */ = {isa = PBXFileReference; lastKnownFileType = file.storyboard; name = Base; path = Base.lproj/LaunchScreen.storyboard; sourceTree = "<group>"; };
		FCBF315C21B5B823001655B7 /* Info.plist */ = {isa = PBXFileReference; lastKnownFileType = text.plist.xml; path = Info.plist; sourceTree = "<group>"; };
		FCBF316421B5BE4F001655B7 /* UnsplashWebCallsService.swift */ = {isa = PBXFileReference; lastKnownFileType = sourcecode.swift; path = UnsplashWebCallsService.swift; sourceTree = "<group>"; };
		FCBF316621B5BE5C001655B7 /* Configuration.swift */ = {isa = PBXFileReference; lastKnownFileType = sourcecode.swift; path = Configuration.swift; sourceTree = "<group>"; };
		FCBF316821B5C892001655B7 /* UnsplashAuthHandler.swift */ = {isa = PBXFileReference; lastKnownFileType = sourcecode.swift; path = UnsplashAuthHandler.swift; sourceTree = "<group>"; };
/* End PBXFileReference section */

/* Begin PBXFrameworksBuildPhase section */
		FCBF314A21B5B822001655B7 /* Frameworks */ = {
			isa = PBXFrameworksBuildPhase;
			buildActionMask = 2147483647;
			files = (
				42E01A69E90FC1088E3CC069 /* Pods_Photo_Viewer.framework in Frameworks */,
			);
			runOnlyForDeploymentPostprocessing = 0;
		};
/* End PBXFrameworksBuildPhase section */

/* Begin PBXGroup section */
		1CD585F23AEAF0A3C6096238 /* Frameworks */ = {
			isa = PBXGroup;
			children = (
				C0CBDA2D13123362D6D30CBB /* Pods_Photo_Viewer.framework */,
			);
			name = Frameworks;
			sourceTree = "<group>";
		};
		941D1EB364CAE5D7202574FD /* Pods */ = {
			isa = PBXGroup;
			children = (
				8C0CE4DF28220538FD428523 /* Pods-Photo Viewer.debug.xcconfig */,
				6DB4F3D29E7C615F384C0370 /* Pods-Photo Viewer.release.xcconfig */,
			);
			name = Pods;
			sourceTree = "<group>";
		};
		FCAED7AB21B5EBB00003AF32 /* Builders */ = {
			isa = PBXGroup;
			children = (
				FCAED7AC21B5EBBF0003AF32 /* PhotoBuilder.swift */,
			);
			path = Builders;
			sourceTree = "<group>";
		};
		FCAED7AE21B603C00003AF32 /* View Controllers */ = {
			isa = PBXGroup;
			children = (
				FCBF315221B5B822001655B7 /* PhotosViewController.swift */,
			);
			path = "View Controllers";
			sourceTree = "<group>";
		};
		FCAED7AF21B603D20003AF32 /* Storyboards */ = {
			isa = PBXGroup;
			children = (
				FCBF315421B5B822001655B7 /* Main.storyboard */,
				FCBF315921B5B823001655B7 /* LaunchScreen.storyboard */,
			);
			path = Storyboards;
			sourceTree = "<group>";
		};
		FCAED7B021B607270003AF32 /* Cells */ = {
			isa = PBXGroup;
			children = (
				FCAED7B121B607440003AF32 /* PhotoCollectionViewCell.swift */,
			);
			path = Cells;
			sourceTree = "<group>";
		};
		FCBF314421B5B822001655B7 = {
			isa = PBXGroup;
			children = (
				FCBF314F21B5B822001655B7 /* Photo Viewer */,
				FCBF314E21B5B822001655B7 /* Products */,
				941D1EB364CAE5D7202574FD /* Pods */,
				1CD585F23AEAF0A3C6096238 /* Frameworks */,
			);
			sourceTree = "<group>";
		};
		FCBF314E21B5B822001655B7 /* Products */ = {
			isa = PBXGroup;
			children = (
				FCBF314D21B5B822001655B7 /* Photo Viewer.app */,
			);
			name = Products;
			sourceTree = "<group>";
		};
		FCBF314F21B5B822001655B7 /* Photo Viewer */ = {
			isa = PBXGroup;
			children = (
				FCBF315021B5B822001655B7 /* AppDelegate.swift */,
				FCBF316621B5BE5C001655B7 /* Configuration.swift */,
				FCBF316221B5BE1E001655B7 /* Networking */,
				FCBF316321B5BE27001655B7 /* Model */,
				FCAED7AE21B603C00003AF32 /* View Controllers */,
				FCAED7B021B607270003AF32 /* Cells */,
				FCAED7AF21B603D20003AF32 /* Storyboards */,
				FCBF315721B5B823001655B7 /* Assets.xcassets */,
				FCBF315C21B5B823001655B7 /* Info.plist */,
			);
			path = "Photo Viewer";
			sourceTree = "<group>";
		};
		FCBF316221B5BE1E001655B7 /* Networking */ = {
			isa = PBXGroup;
			children = (
				FCBF316421B5BE4F001655B7 /* UnsplashWebCallsService.swift */,
				FCBF316821B5C892001655B7 /* UnsplashAuthHandler.swift */,
			);
			path = Networking;
			sourceTree = "<group>";
		};
		FCBF316321B5BE27001655B7 /* Model */ = {
			isa = PBXGroup;
			children = (
				FCAED7AB21B5EBB00003AF32 /* Builders */,
				FCAED7A921B5EBA40003AF32 /* Photo.swift */,
			);
			path = Model;
			sourceTree = "<group>";
		};
/* End PBXGroup section */

/* Begin PBXNativeTarget section */
		FCBF314C21B5B822001655B7 /* Photo Viewer */ = {
			isa = PBXNativeTarget;
			buildConfigurationList = FCBF315F21B5B823001655B7 /* Build configuration list for PBXNativeTarget "Photo Viewer" */;
			buildPhases = (
				B9F0CBA623135F92F268B763 /* [CP] Check Pods Manifest.lock */,
				FCBF314921B5B822001655B7 /* Sources */,
				FCBF314A21B5B822001655B7 /* Frameworks */,
				FCBF314B21B5B822001655B7 /* Resources */,
				4977B39FF9CCCF4459E97ECD /* [CP] Embed Pods Frameworks */,
			);
			buildRules = (
			);
			dependencies = (
			);
			name = "Photo Viewer";
			productName = "Photo Viewer";
			productReference = FCBF314D21B5B822001655B7 /* Photo Viewer.app */;
			productType = "com.apple.product-type.application";
		};
/* End PBXNativeTarget section */

/* Begin PBXProject section */
		FCBF314521B5B822001655B7 /* Project object */ = {
			isa = PBXProject;
			attributes = {
				LastSwiftUpdateCheck = 1010;
				LastUpgradeCheck = 1010;
				ORGANIZATIONNAME = "Tristan Darwent";
				TargetAttributes = {
					FCBF314C21B5B822001655B7 = {
						CreatedOnToolsVersion = 10.1;
					};
				};
			};
			buildConfigurationList = FCBF314821B5B822001655B7 /* Build configuration list for PBXProject "Photo Viewer" */;
			compatibilityVersion = "Xcode 9.3";
			developmentRegion = en;
			hasScannedForEncodings = 0;
			knownRegions = (
				en,
				Base,
			);
			mainGroup = FCBF314421B5B822001655B7;
			productRefGroup = FCBF314E21B5B822001655B7 /* Products */;
			projectDirPath = "";
			projectRoot = "";
			targets = (
				FCBF314C21B5B822001655B7 /* Photo Viewer */,
			);
		};
/* End PBXProject section */

/* Begin PBXResourcesBuildPhase section */
		FCBF314B21B5B822001655B7 /* Resources */ = {
			isa = PBXResourcesBuildPhase;
			buildActionMask = 2147483647;
			files = (
				FCBF315B21B5B823001655B7 /* LaunchScreen.storyboard in Resources */,
				FCBF315821B5B823001655B7 /* Assets.xcassets in Resources */,
				FCBF315621B5B822001655B7 /* Main.storyboard in Resources */,
			);
			runOnlyForDeploymentPostprocessing = 0;
		};
/* End PBXResourcesBuildPhase section */

/* Begin PBXShellScriptBuildPhase section */
		4977B39FF9CCCF4459E97ECD /* [CP] Embed Pods Frameworks */ = {
			isa = PBXShellScriptBuildPhase;
			buildActionMask = 2147483647;
			files = (
			);
			inputFileListPaths = (
			);
			inputPaths = (
				"${SRCROOT}/Pods/Target Support Files/Pods-Photo Viewer/Pods-Photo Viewer-frameworks.sh",
				"${BUILT_PRODUCTS_DIR}/Alamofire/Alamofire.framework",
				"${BUILT_PRODUCTS_DIR}/SwiftyJSON/SwiftyJSON.framework",
			);
			name = "[CP] Embed Pods Frameworks";
			outputFileListPaths = (
			);
			outputPaths = (
				"${TARGET_BUILD_DIR}/${FRAMEWORKS_FOLDER_PATH}/Alamofire.framework",
				"${TARGET_BUILD_DIR}/${FRAMEWORKS_FOLDER_PATH}/SwiftyJSON.framework",
			);
			runOnlyForDeploymentPostprocessing = 0;
			shellPath = /bin/sh;
			shellScript = "\"${SRCROOT}/Pods/Target Support Files/Pods-Photo Viewer/Pods-Photo Viewer-frameworks.sh\"\n";
			showEnvVarsInLog = 0;
		};
		B9F0CBA623135F92F268B763 /* [CP] Check Pods Manifest.lock */ = {
			isa = PBXShellScriptBuildPhase;
			buildActionMask = 2147483647;
			files = (
			);
			inputFileListPaths = (
			);
			inputPaths = (
				"${PODS_PODFILE_DIR_PATH}/Podfile.lock",
				"${PODS_ROOT}/Manifest.lock",
			);
			name = "[CP] Check Pods Manifest.lock";
			outputFileListPaths = (
			);
			outputPaths = (
				"$(DERIVED_FILE_DIR)/Pods-Photo Viewer-checkManifestLockResult.txt",
			);
			runOnlyForDeploymentPostprocessing = 0;
			shellPath = /bin/sh;
			shellScript = "diff \"${PODS_PODFILE_DIR_PATH}/Podfile.lock\" \"${PODS_ROOT}/Manifest.lock\" > /dev/null\nif [ $? != 0 ] ; then\n    # print error to STDERR\n    echo \"error: The sandbox is not in sync with the Podfile.lock. Run 'pod install' or update your CocoaPods installation.\" >&2\n    exit 1\nfi\n# This output is used by Xcode 'outputs' to avoid re-running this script phase.\necho \"SUCCESS\" > \"${SCRIPT_OUTPUT_FILE_0}\"\n";
			showEnvVarsInLog = 0;
		};
/* End PBXShellScriptBuildPhase section */

/* Begin PBXSourcesBuildPhase section */
		FCBF314921B5B822001655B7 /* Sources */ = {
			isa = PBXSourcesBuildPhase;
			buildActionMask = 2147483647;
			files = (
				FCAED7AA21B5EBA40003AF32 /* Photo.swift in Sources */,
				FCAED7B221B607440003AF32 /* PhotoCollectionViewCell.swift in Sources */,
				FCBF315321B5B822001655B7 /* PhotosViewController.swift in Sources */,
				FCAED7AD21B5EBBF0003AF32 /* PhotoBuilder.swift in Sources */,
				FCBF316521B5BE4F001655B7 /* UnsplashWebCallsService.swift in Sources */,
				FCBF316921B5C892001655B7 /* UnsplashAuthHandler.swift in Sources */,
				FCBF316721B5BE5C001655B7 /* Configuration.swift in Sources */,
				FCBF315121B5B822001655B7 /* AppDelegate.swift in Sources */,
			);
			runOnlyForDeploymentPostprocessing = 0;
		};
/* End PBXSourcesBuildPhase section */

/* Begin PBXVariantGroup section */
		FCBF315421B5B822001655B7 /* Main.storyboard */ = {
			isa = PBXVariantGroup;
			children = (
				FCBF315521B5B822001655B7 /* Base */,
			);
			name = Main.storyboard;
			sourceTree = "<group>";
		};
		FCBF315921B5B823001655B7 /* LaunchScreen.storyboard */ = {
			isa = PBXVariantGroup;
			children = (
				FCBF315A21B5B823001655B7 /* Base */,
			);
			name = LaunchScreen.storyboard;
			sourceTree = "<group>";
		};
/* End PBXVariantGroup section */

/* Begin XCBuildConfiguration section */
		FCBF315D21B5B823001655B7 /* Debug */ = {
			isa = XCBuildConfiguration;
			buildSettings = {
				ALWAYS_SEARCH_USER_PATHS = NO;
				CLANG_ANALYZER_NONNULL = YES;
				CLANG_ANALYZER_NUMBER_OBJECT_CONVERSION = YES_AGGRESSIVE;
				CLANG_CXX_LANGUAGE_STANDARD = "gnu++14";
				CLANG_CXX_LIBRARY = "libc++";
				CLANG_ENABLE_MODULES = YES;
				CLANG_ENABLE_OBJC_ARC = YES;
				CLANG_ENABLE_OBJC_WEAK = YES;
				CLANG_WARN_BLOCK_CAPTURE_AUTORELEASING = YES;
				CLANG_WARN_BOOL_CONVERSION = YES;
				CLANG_WARN_COMMA = YES;
				CLANG_WARN_CONSTANT_CONVERSION = YES;
				CLANG_WARN_DEPRECATED_OBJC_IMPLEMENTATIONS = YES;
				CLANG_WARN_DIRECT_OBJC_ISA_USAGE = YES_ERROR;
				CLANG_WARN_DOCUMENTATION_COMMENTS = YES;
				CLANG_WARN_EMPTY_BODY = YES;
				CLANG_WARN_ENUM_CONVERSION = YES;
				CLANG_WARN_INFINITE_RECURSION = YES;
				CLANG_WARN_INT_CONVERSION = YES;
				CLANG_WARN_NON_LITERAL_NULL_CONVERSION = YES;
				CLANG_WARN_OBJC_IMPLICIT_RETAIN_SELF = YES;
				CLANG_WARN_OBJC_LITERAL_CONVERSION = YES;
				CLANG_WARN_OBJC_ROOT_CLASS = YES_ERROR;
				CLANG_WARN_RANGE_LOOP_ANALYSIS = YES;
				CLANG_WARN_STRICT_PROTOTYPES = YES;
				CLANG_WARN_SUSPICIOUS_MOVE = YES;
				CLANG_WARN_UNGUARDED_AVAILABILITY = YES_AGGRESSIVE;
				CLANG_WARN_UNREACHABLE_CODE = YES;
				CLANG_WARN__DUPLICATE_METHOD_MATCH = YES;
				CODE_SIGN_IDENTITY = "iPhone Developer";
				COPY_PHASE_STRIP = NO;
				DEBUG_INFORMATION_FORMAT = dwarf;
				ENABLE_STRICT_OBJC_MSGSEND = YES;
				ENABLE_TESTABILITY = YES;
				GCC_C_LANGUAGE_STANDARD = gnu11;
				GCC_DYNAMIC_NO_PIC = NO;
				GCC_NO_COMMON_BLOCKS = YES;
				GCC_OPTIMIZATION_LEVEL = 0;
				GCC_PREPROCESSOR_DEFINITIONS = (
					"DEBUG=1",
					"$(inherited)",
				);
				GCC_WARN_64_TO_32_BIT_CONVERSION = YES;
				GCC_WARN_ABOUT_RETURN_TYPE = YES_ERROR;
				GCC_WARN_UNDECLARED_SELECTOR = YES;
				GCC_WARN_UNINITIALIZED_AUTOS = YES_AGGRESSIVE;
				GCC_WARN_UNUSED_FUNCTION = YES;
				GCC_WARN_UNUSED_VARIABLE = YES;
				IPHONEOS_DEPLOYMENT_TARGET = 12.1;
				MTL_ENABLE_DEBUG_INFO = INCLUDE_SOURCE;
				MTL_FAST_MATH = YES;
				ONLY_ACTIVE_ARCH = YES;
				SDKROOT = iphoneos;
				SWIFT_ACTIVE_COMPILATION_CONDITIONS = DEBUG;
				SWIFT_OPTIMIZATION_LEVEL = "-Onone";
			};
			name = Debug;
		};
		FCBF315E21B5B823001655B7 /* Release */ = {
			isa = XCBuildConfiguration;
			buildSettings = {
				ALWAYS_SEARCH_USER_PATHS = NO;
				CLANG_ANALYZER_NONNULL = YES;
				CLANG_ANALYZER_NUMBER_OBJECT_CONVERSION = YES_AGGRESSIVE;
				CLANG_CXX_LANGUAGE_STANDARD = "gnu++14";
				CLANG_CXX_LIBRARY = "libc++";
				CLANG_ENABLE_MODULES = YES;
				CLANG_ENABLE_OBJC_ARC = YES;
				CLANG_ENABLE_OBJC_WEAK = YES;
				CLANG_WARN_BLOCK_CAPTURE_AUTORELEASING = YES;
				CLANG_WARN_BOOL_CONVERSION = YES;
				CLANG_WARN_COMMA = YES;
				CLANG_WARN_CONSTANT_CONVERSION = YES;
				CLANG_WARN_DEPRECATED_OBJC_IMPLEMENTATIONS = YES;
				CLANG_WARN_DIRECT_OBJC_ISA_USAGE = YES_ERROR;
				CLANG_WARN_DOCUMENTATION_COMMENTS = YES;
				CLANG_WARN_EMPTY_BODY = YES;
				CLANG_WARN_ENUM_CONVERSION = YES;
				CLANG_WARN_INFINITE_RECURSION = YES;
				CLANG_WARN_INT_CONVERSION = YES;
				CLANG_WARN_NON_LITERAL_NULL_CONVERSION = YES;
				CLANG_WARN_OBJC_IMPLICIT_RETAIN_SELF = YES;
				CLANG_WARN_OBJC_LITERAL_CONVERSION = YES;
				CLANG_WARN_OBJC_ROOT_CLASS = YES_ERROR;
				CLANG_WARN_RANGE_LOOP_ANALYSIS = YES;
				CLANG_WARN_STRICT_PROTOTYPES = YES;
				CLANG_WARN_SUSPICIOUS_MOVE = YES;
				CLANG_WARN_UNGUARDED_AVAILABILITY = YES_AGGRESSIVE;
				CLANG_WARN_UNREACHABLE_CODE = YES;
				CLANG_WARN__DUPLICATE_METHOD_MATCH = YES;
				CODE_SIGN_IDENTITY = "iPhone Developer";
				COPY_PHASE_STRIP = NO;
				DEBUG_INFORMATION_FORMAT = "dwarf-with-dsym";
				ENABLE_NS_ASSERTIONS = NO;
				ENABLE_STRICT_OBJC_MSGSEND = YES;
				GCC_C_LANGUAGE_STANDARD = gnu11;
				GCC_NO_COMMON_BLOCKS = YES;
				GCC_WARN_64_TO_32_BIT_CONVERSION = YES;
				GCC_WARN_ABOUT_RETURN_TYPE = YES_ERROR;
				GCC_WARN_UNDECLARED_SELECTOR = YES;
				GCC_WARN_UNINITIALIZED_AUTOS = YES_AGGRESSIVE;
				GCC_WARN_UNUSED_FUNCTION = YES;
				GCC_WARN_UNUSED_VARIABLE = YES;
				IPHONEOS_DEPLOYMENT_TARGET = 12.1;
				MTL_ENABLE_DEBUG_INFO = NO;
				MTL_FAST_MATH = YES;
				SDKROOT = iphoneos;
				SWIFT_COMPILATION_MODE = wholemodule;
				SWIFT_OPTIMIZATION_LEVEL = "-O";
				VALIDATE_PRODUCT = YES;
			};
			name = Release;
		};
		FCBF316021B5B823001655B7 /* Debug */ = {
			isa = XCBuildConfiguration;
			baseConfigurationReference = 8C0CE4DF28220538FD428523 /* Pods-Photo Viewer.debug.xcconfig */;
			buildSettings = {
				ASSETCATALOG_COMPILER_APPICON_NAME = AppIcon;
				CODE_SIGN_STYLE = Automatic;
				DEVELOPMENT_TEAM = L4E246355J;
				INFOPLIST_FILE = "Photo Viewer/Info.plist";
				LD_RUNPATH_SEARCH_PATHS = (
					"$(inherited)",
					"@executable_path/Frameworks",
				);
				PRODUCT_BUNDLE_IDENTIFIER = "com.tristandarwent.Photo-Viewer";
				PRODUCT_NAME = "$(TARGET_NAME)";
				SWIFT_VERSION = 4.2;
				TARGETED_DEVICE_FAMILY = 1;
			};
			name = Debug;
		};
		FCBF316121B5B823001655B7 /* Release */ = {
			isa = XCBuildConfiguration;
			baseConfigurationReference = 6DB4F3D29E7C615F384C0370 /* Pods-Photo Viewer.release.xcconfig */;
			buildSettings = {
				ASSETCATALOG_COMPILER_APPICON_NAME = AppIcon;
				CODE_SIGN_STYLE = Automatic;
				DEVELOPMENT_TEAM = L4E246355J;
				INFOPLIST_FILE = "Photo Viewer/Info.plist";
				LD_RUNPATH_SEARCH_PATHS = (
					"$(inherited)",
					"@executable_path/Frameworks",
				);
				PRODUCT_BUNDLE_IDENTIFIER = "com.tristandarwent.Photo-Viewer";
				PRODUCT_NAME = "$(TARGET_NAME)";
				SWIFT_VERSION = 4.2;
				TARGETED_DEVICE_FAMILY = 1;
			};
			name = Release;
		};
/* End XCBuildConfiguration section */

/* Begin XCConfigurationList section */
		FCBF314821B5B822001655B7 /* Build configuration list for PBXProject "Photo Viewer" */ = {
			isa = XCConfigurationList;
			buildConfigurations = (
				FCBF315D21B5B823001655B7 /* Debug */,
				FCBF315E21B5B823001655B7 /* Release */,
			);
			defaultConfigurationIsVisible = 0;
			defaultConfigurationName = Release;
		};
		FCBF315F21B5B823001655B7 /* Build configuration list for PBXNativeTarget "Photo Viewer" */ = {
			isa = XCConfigurationList;
			buildConfigurations = (
				FCBF316021B5B823001655B7 /* Debug */,
				FCBF316121B5B823001655B7 /* Release */,
			);
			defaultConfigurationIsVisible = 0;
			defaultConfigurationName = Release;
		};
/* End XCConfigurationList section */
	};
	rootObject = FCBF314521B5B822001655B7 /* Project object */;
}
